
Microsoft Visual Studio Solution File, Format Version 12.00
# Visual Studio 15
VisualStudioVersion = 15.0.26228.9
MinimumVisualStudioVersion = 10.0.40219.1
Project("{FAE04EC0-301F-11D3-BF4B-00C04F79EFBC}") = "CommitFetcher.Interfaces", "CommitFetcher.Interfaces\CommitFetcher.Interfaces.csproj", "{BECB0C36-AB6D-4F55-9EBA-0AA77CE01CF6}"
EndProject
Project("{FAE04EC0-301F-11D3-BF4B-00C04F79EFBC}") = "CommitFetcher.GitCLI", "GitCLICommitFetcher\CommitFetcher.GitCLI.csproj", "{AE2815BC-D3E8-439D-A6F9-F3F92B1A6473}"
EndProject
Project("{FAE04EC0-301F-11D3-BF4B-00C04F79EFBC}") = "CommitParser.Interfaces", "CommitParser.Interfaces\CommitParser.Interfaces.csproj", "{D7BA9287-6D44-4234-8745-3F83A73D8928}"
EndProject
Project("{FAE04EC0-301F-11D3-BF4B-00C04F79EFBC}") = "CommitViewer.Model", "CommitViewer.Model\CommitViewer.Model.csproj", "{0662CC3F-3549-4F81-A25B-91065088C891}"
EndProject
Project("{FAE04EC0-301F-11D3-BF4B-00C04F79EFBC}") = "CommitParser.GitCLI", "CommitParser.GitCLI\CommitParser.GitCLI.csproj", "{D19E1D45-961D-42A2-B7EA-12C50A4C1611}"
EndProject
Project("{FAE04EC0-301F-11D3-BF4B-00C04F79EFBC}") = "CommitViewer.Logger.Interfaces", "CommitViewer.Logger.Interfaces\CommitViewer.Logger.Interfaces.csproj", "{F18BC5CE-291C-4844-BAD5-D358518C4539}"
EndProject
Project("{FAE04EC0-301F-11D3-BF4B-00C04F79EFBC}") = "CommitViewer.Logger", "CommitViewer.Logger\CommitViewer.Logger.csproj", "{C3A62763-F3C0-4CD4-A03A-3062DE804015}"
EndProject
Project("{FAE04EC0-301F-11D3-BF4B-00C04F79EFBC}") = "CommitViewer.Console", "CommitViewer.Console\CommitViewer.Console.csproj", "{76D8A668-7B0A-4402-805F-0B988DA974DD}"
EndProject
Global
	GlobalSection(SolutionConfigurationPlatforms) = preSolution
		Debug|Any CPU = Debug|Any CPU
		Release|Any CPU = Release|Any CPU
	EndGlobalSection
	GlobalSection(ProjectConfigurationPlatforms) = postSolution
		{BECB0C36-AB6D-4F55-9EBA-0AA77CE01CF6}.Debug|Any CPU.ActiveCfg = Debug|Any CPU
		{BECB0C36-AB6D-4F55-9EBA-0AA77CE01CF6}.Debug|Any CPU.Build.0 = Debug|Any CPU
		{BECB0C36-AB6D-4F55-9EBA-0AA77CE01CF6}.Release|Any CPU.ActiveCfg = Release|Any CPU
		{BECB0C36-AB6D-4F55-9EBA-0AA77CE01CF6}.Release|Any CPU.Build.0 = Release|Any CPU
		{AE2815BC-D3E8-439D-A6F9-F3F92B1A6473}.Debug|Any CPU.ActiveCfg = Debug|Any CPU
		{AE2815BC-D3E8-439D-A6F9-F3F92B1A6473}.Debug|Any CPU.Build.0 = Debug|Any CPU
		{AE2815BC-D3E8-439D-A6F9-F3F92B1A6473}.Release|Any CPU.ActiveCfg = Release|Any CPU
		{AE2815BC-D3E8-439D-A6F9-F3F92B1A6473}.Release|Any CPU.Build.0 = Release|Any CPU
		{D7BA9287-6D44-4234-8745-3F83A73D8928}.Debug|Any CPU.ActiveCfg = Debug|Any CPU
		{D7BA9287-6D44-4234-8745-3F83A73D8928}.Debug|Any CPU.Build.0 = Debug|Any CPU
		{D7BA9287-6D44-4234-8745-3F83A73D8928}.Release|Any CPU.ActiveCfg = Release|Any CPU
		{D7BA9287-6D44-4234-8745-3F83A73D8928}.Release|Any CPU.Build.0 = Release|Any CPU
		{0662CC3F-3549-4F81-A25B-91065088C891}.Debug|Any CPU.ActiveCfg = Debug|Any CPU
		{0662CC3F-3549-4F81-A25B-91065088C891}.Debug|Any CPU.Build.0 = Debug|Any CPU
		{0662CC3F-3549-4F81-A25B-91065088C891}.Release|Any CPU.ActiveCfg = Release|Any CPU
		{0662CC3F-3549-4F81-A25B-91065088C891}.Release|Any CPU.Build.0 = Release|Any CPU
		{D19E1D45-961D-42A2-B7EA-12C50A4C1611}.Debug|Any CPU.ActiveCfg = Debug|Any CPU
		{D19E1D45-961D-42A2-B7EA-12C50A4C1611}.Debug|Any CPU.Build.0 = Debug|Any CPU
		{D19E1D45-961D-42A2-B7EA-12C50A4C1611}.Release|Any CPU.ActiveCfg = Release|Any CPU
		{D19E1D45-961D-42A2-B7EA-12C50A4C1611}.Release|Any CPU.Build.0 = Release|Any CPU
		{F18BC5CE-291C-4844-BAD5-D358518C4539}.Debug|Any CPU.ActiveCfg = Debug|Any CPU
		{F18BC5CE-291C-4844-BAD5-D358518C4539}.Debug|Any CPU.Build.0 = Debug|Any CPU
		{F18BC5CE-291C-4844-BAD5-D358518C4539}.Release|Any CPU.ActiveCfg = Release|Any CPU
		{F18BC5CE-291C-4844-BAD5-D358518C4539}.Release|Any CPU.Build.0 = Release|Any CPU
		{C3A62763-F3C0-4CD4-A03A-3062DE804015}.Debug|Any CPU.ActiveCfg = Debug|Any CPU
		{C3A62763-F3C0-4CD4-A03A-3062DE804015}.Debug|Any CPU.Build.0 = Debug|Any CPU
		{C3A62763-F3C0-4CD4-A03A-3062DE804015}.Release|Any CPU.ActiveCfg = Release|Any CPU
		{C3A62763-F3C0-4CD4-A03A-3062DE804015}.Release|Any CPU.Build.0 = Release|Any CPU
		{76D8A668-7B0A-4402-805F-0B988DA974DD}.Debug|Any CPU.ActiveCfg = Debug|Any CPU
		{76D8A668-7B0A-4402-805F-0B988DA974DD}.Debug|Any CPU.Build.0 = Debug|Any CPU
		{76D8A668-7B0A-4402-805F-0B988DA974DD}.Release|Any CPU.ActiveCfg = Release|Any CPU
		{76D8A668-7B0A-4402-805F-0B988DA974DD}.Release|Any CPU.Build.0 = Release|Any CPU
	EndGlobalSection
	GlobalSection(SolutionProperties) = preSolution
		HideSolutionNode = FALSE
	EndGlobalSection
EndGlobal
